
Microsoft Visual Studio Solution File, Format Version 12.00
# Visual Studio Version 17
VisualStudioVersion = 17.6.33723.286
MinimumVisualStudioVersion = 10.0.40219.1
Project("{9A19103F-16F7-4668-BE54-9A1E7A4F7556}") = "Algoritimos_Intermediarios_C#_01", "Algoritimos_Intermediarios_C#_01\Algoritimos_Intermediarios_C#_01.csproj", "{6440020D-B1D8-4C0E-9105-D5DB526ECEB9}"
EndProject
Project("{FAE04EC0-301F-11D3-BF4B-00C04F79EFBC}") = "Algoritimo_Intermediarios_C#_02", "Algoritimo_Intermediarios_C#_02\Algoritimo_Intermediarios_C#_02.csproj", "{3846FE3B-AAA7-48B2-AF91-0D1F5531AF41}"
EndProject
Project("{FAE04EC0-301F-11D3-BF4B-00C04F79EFBC}") = "Algoritimo_Intermediarios_C#_03", "Algoritimo_Intermediarios_C#_03\Algoritimo_Intermediarios_C#_03.csproj", "{573773B9-C2F4-44CD-840C-F5BFB3F5796C}"
EndProject
Project("{FAE04EC0-301F-11D3-BF4B-00C04F79EFBC}") = "Algoritimo_Intermediario_C#_04", "Algoritimo_Intermediario_C#_04\Algoritimo_Intermediario_C#_04.csproj", "{52EFC32F-59AA-4EA3-8BED-31B840D6EEF7}"
EndProject
Project("{FAE04EC0-301F-11D3-BF4B-00C04F79EFBC}") = "Algoritimo_Intermediario_C#_05", "Algoritimo_Intermediario_C#_05\Algoritimo_Intermediario_C#_05.csproj", "{E75AC0E9-CFB4-401F-86A5-CB634231A380}"
EndProject
Global
	GlobalSection(SolutionConfigurationPlatforms) = preSolution
		Debug|Any CPU = Debug|Any CPU
		Release|Any CPU = Release|Any CPU
	EndGlobalSection
	GlobalSection(ProjectConfigurationPlatforms) = postSolution
		{6440020D-B1D8-4C0E-9105-D5DB526ECEB9}.Debug|Any CPU.ActiveCfg = Debug|Any CPU
		{6440020D-B1D8-4C0E-9105-D5DB526ECEB9}.Debug|Any CPU.Build.0 = Debug|Any CPU
		{6440020D-B1D8-4C0E-9105-D5DB526ECEB9}.Release|Any CPU.ActiveCfg = Release|Any CPU
		{6440020D-B1D8-4C0E-9105-D5DB526ECEB9}.Release|Any CPU.Build.0 = Release|Any CPU
		{3846FE3B-AAA7-48B2-AF91-0D1F5531AF41}.Debug|Any CPU.ActiveCfg = Debug|Any CPU
		{3846FE3B-AAA7-48B2-AF91-0D1F5531AF41}.Debug|Any CPU.Build.0 = Debug|Any CPU
		{3846FE3B-AAA7-48B2-AF91-0D1F5531AF41}.Release|Any CPU.ActiveCfg = Release|Any CPU
		{3846FE3B-AAA7-48B2-AF91-0D1F5531AF41}.Release|Any CPU.Build.0 = Release|Any CPU
		{573773B9-C2F4-44CD-840C-F5BFB3F5796C}.Debug|Any CPU.ActiveCfg = Debug|Any CPU
		{573773B9-C2F4-44CD-840C-F5BFB3F5796C}.Debug|Any CPU.Build.0 = Debug|Any CPU
		{573773B9-C2F4-44CD-840C-F5BFB3F5796C}.Release|Any CPU.ActiveCfg = Release|Any CPU
		{573773B9-C2F4-44CD-840C-F5BFB3F5796C}.Release|Any CPU.Build.0 = Release|Any CPU
		{52EFC32F-59AA-4EA3-8BED-31B840D6EEF7}.Debug|Any CPU.ActiveCfg = Debug|Any CPU
		{52EFC32F-59AA-4EA3-8BED-31B840D6EEF7}.Debug|Any CPU.Build.0 = Debug|Any CPU
		{52EFC32F-59AA-4EA3-8BED-31B840D6EEF7}.Release|Any CPU.ActiveCfg = Release|Any CPU
		{52EFC32F-59AA-4EA3-8BED-31B840D6EEF7}.Release|Any CPU.Build.0 = Release|Any CPU
		{E75AC0E9-CFB4-401F-86A5-CB634231A380}.Debug|Any CPU.ActiveCfg = Debug|Any CPU
		{E75AC0E9-CFB4-401F-86A5-CB634231A380}.Debug|Any CPU.Build.0 = Debug|Any CPU
		{E75AC0E9-CFB4-401F-86A5-CB634231A380}.Release|Any CPU.ActiveCfg = Release|Any CPU
		{E75AC0E9-CFB4-401F-86A5-CB634231A380}.Release|Any CPU.Build.0 = Release|Any CPU
	EndGlobalSection
	GlobalSection(SolutionProperties) = preSolution
		HideSolutionNode = FALSE
	EndGlobalSection
	GlobalSection(ExtensibilityGlobals) = postSolution
		SolutionGuid = {376F7BA1-2C3B-41DF-9AA6-458F5161B2D5}
	EndGlobalSection
EndGlobal
